
Microsoft Visual Studio Solution File, Format Version 12.00
# Visual Studio Version 16
VisualStudioVersion = 16.0.30413.136
MinimumVisualStudioVersion = 10.0.40219.1
Project("{FAE04EC0-301F-11D3-BF4B-00C04F79EFBC}") = "FileWatch.Server", "FileWatch.Server.csproj", "{9CE11825-C4E0-4A53-9524-F8FA2C3B4D68}"
EndProject
Global
	GlobalSection(SolutionConfigurationPlatforms) = preSolution
		Debug|Any CPU = Debug|Any CPU
		Release|Any CPU = Release|Any CPU
	EndGlobalSection
	GlobalSection(ProjectConfigurationPlatforms) = postSolution
		{9CE11825-C4E0-4A53-9524-F8FA2C3B4D68}.Debug|Any CPU.ActiveCfg = Debug|Any CPU
		{9CE11825-C4E0-4A53-9524-F8FA2C3B4D68}.Debug|Any CPU.Build.0 = Debug|Any CPU
		{9CE11825-C4E0-4A53-9524-F8FA2C3B4D68}.Release|Any CPU.ActiveCfg = Release|Any CPU
		{9CE11825-C4E0-4A53-9524-F8FA2C3B4D68}.Release|Any CPU.Build.0 = Release|Any CPU
	EndGlobalSection
	GlobalSection(SolutionProperties) = preSolution
		HideSolutionNode = FALSE
	EndGlobalSection
	GlobalSection(ExtensibilityGlobals) = postSolution
		SolutionGuid = {3590BD2D-FF66-4E30-93C2-61738320B1AE}
	EndGlobalSection
EndGlobal
